// !$*UTF8*$!
{
	archiveVersion = 1;
	classes = {
	};
	objectVersion = 77;
	objects = {

/* Begin PBXContainerItemProxy section */
		986819D32DFEC29F00C45CC1 /* PBXContainerItemProxy */ = {
			isa = PBXContainerItemProxy;
			containerPortal = 986819BD2DFEC29D00C45CC1 /* Project object */;
			proxyType = 1;
			remoteGlobalIDString = 986819C42DFEC29E00C45CC1;
			remoteInfo = "MuseoAccessibile Creator";
		};
		986819DD2DFEC29F00C45CC1 /* PBXContainerItemProxy */ = {
			isa = PBXContainerItemProxy;
			containerPortal = 986819BD2DFEC29D00C45CC1 /* Project object */;
			proxyType = 1;
			remoteGlobalIDString = 986819C42DFEC29E00C45CC1;
			remoteInfo = "MuseoAccessibile Creator";
		};
/* End PBXContainerItemProxy section */

/* Begin PBXFileReference section */
		986819C52DFEC29E00C45CC1 /* ARVisit Creator.app */ = {isa = PBXFileReference; explicitFileType = wrapper.application; includeInIndex = 0; path = "ARVisit Creator.app"; sourceTree = BUILT_PRODUCTS_DIR; };
		986819D22DFEC29F00C45CC1 /* ARVisit CreatorTests.xctest */ = {isa = PBXFileReference; explicitFileType = wrapper.cfbundle; includeInIndex = 0; path = "ARVisit CreatorTests.xctest"; sourceTree = BUILT_PRODUCTS_DIR; };
		986819DC2DFEC29F00C45CC1 /* ARVisit CreatorUITests.xctest */ = {isa = PBXFileReference; explicitFileType = wrapper.cfbundle; includeInIndex = 0; path = "ARVisit CreatorUITests.xctest"; sourceTree = BUILT_PRODUCTS_DIR; };
/* End PBXFileReference section */

/* Begin PBXFileSystemSynchronizedRootGroup section */
		986819C72DFEC29E00C45CC1 /* ARVisit Creator */ = {
			isa = PBXFileSystemSynchronizedRootGroup;
			path = "ARVisit Creator";
			sourceTree = "<group>";
		};
		986819D52DFEC29F00C45CC1 /* ARVisit CreatorTests */ = {
			isa = PBXFileSystemSynchronizedRootGroup;
			path = "ARVisit CreatorTests";
			sourceTree = "<group>";
		};
		986819DF2DFEC29F00C45CC1 /* ARVisit CreatorUITests */ = {
			isa = PBXFileSystemSynchronizedRootGroup;
			path = "ARVisit CreatorUITests";
			sourceTree = "<group>";
		};
/* End PBXFileSystemSynchronizedRootGroup section */

/* Begin PBXFrameworksBuildPhase section */
		986819C22DFEC29E00C45CC1 /* Frameworks */ = {
			isa = PBXFrameworksBuildPhase;
			buildActionMask = 2147483647;
			files = (
			);
			runOnlyForDeploymentPostprocessing = 0;
		};
		986819CF2DFEC29F00C45CC1 /* Frameworks */ = {
			isa = PBXFrameworksBuildPhase;
			buildActionMask = 2147483647;
			files = (
			);
			runOnlyForDeploymentPostprocessing = 0;
		};
		986819D92DFEC29F00C45CC1 /* Frameworks */ = {
			isa = PBXFrameworksBuildPhase;
			buildActionMask = 2147483647;
			files = (
			);
			runOnlyForDeploymentPostprocessing = 0;
		};
/* End PBXFrameworksBuildPhase section */

/* Begin PBXGroup section */
		986819BC2DFEC29D00C45CC1 = {
			isa = PBXGroup;
			children = (
				986819C72DFEC29E00C45CC1 /* ARVisit Creator */,
				986819D52DFEC29F00C45CC1 /* ARVisit CreatorTests */,
				986819DF2DFEC29F00C45CC1 /* ARVisit CreatorUITests */,
				986819C62DFEC29E00C45CC1 /* Products */,
			);
			sourceTree = "<group>";
		};
		986819C62DFEC29E00C45CC1 /* Products */ = {
			isa = PBXGroup;
			children = (
				986819C52DFEC29E00C45CC1 /* ARVisit Creator.app */,
				986819D22DFEC29F00C45CC1 /* ARVisit CreatorTests.xctest */,
				986819DC2DFEC29F00C45CC1 /* ARVisit CreatorUITests.xctest */,
			);
			name = Products;
			sourceTree = "<group>";
		};
/* End PBXGroup section */

/* Begin PBXNativeTarget section */
		986819C42DFEC29E00C45CC1 /* ARVisit Creator */ = {
			isa = PBXNativeTarget;
			buildConfigurationList = 986819E62DFEC29F00C45CC1 /* Build configuration list for PBXNativeTarget "ARVisit Creator" */;
			buildPhases = (
				986819C12DFEC29E00C45CC1 /* Sources */,
				986819C22DFEC29E00C45CC1 /* Frameworks */,
				986819C32DFEC29E00C45CC1 /* Resources */,
			);
			buildRules = (
			);
			dependencies = (
			);
			fileSystemSynchronizedGroups = (
				986819C72DFEC29E00C45CC1 /* ARVisit Creator */,
			);
			name = "ARVisit Creator";
			packageProductDependencies = (
			);
			productName = "MuseoAccessibile Creator";
			productReference = 986819C52DFEC29E00C45CC1 /* ARVisit Creator.app */;
			productType = "com.apple.product-type.application";
		};
		986819D12DFEC29F00C45CC1 /* ARVisit CreatorTests */ = {
			isa = PBXNativeTarget;
			buildConfigurationList = 986819E92DFEC29F00C45CC1 /* Build configuration list for PBXNativeTarget "ARVisit CreatorTests" */;
			buildPhases = (
				986819CE2DFEC29F00C45CC1 /* Sources */,
				986819CF2DFEC29F00C45CC1 /* Frameworks */,
				986819D02DFEC29F00C45CC1 /* Resources */,
			);
			buildRules = (
			);
			dependencies = (
				986819D42DFEC29F00C45CC1 /* PBXTargetDependency */,
			);
			fileSystemSynchronizedGroups = (
				986819D52DFEC29F00C45CC1 /* ARVisit CreatorTests */,
			);
			name = "ARVisit CreatorTests";
			packageProductDependencies = (
			);
			productName = "MuseoAccessibile CreatorTests";
			productReference = 986819D22DFEC29F00C45CC1 /* ARVisit CreatorTests.xctest */;
			productType = "com.apple.product-type.bundle.unit-test";
		};
		986819DB2DFEC29F00C45CC1 /* ARVisit CreatorUITests */ = {
			isa = PBXNativeTarget;
			buildConfigurationList = 986819EC2DFEC29F00C45CC1 /* Build configuration list for PBXNativeTarget "ARVisit CreatorUITests" */;
			buildPhases = (
				986819D82DFEC29F00C45CC1 /* Sources */,
				986819D92DFEC29F00C45CC1 /* Frameworks */,
				986819DA2DFEC29F00C45CC1 /* Resources */,
			);
			buildRules = (
			);
			dependencies = (
				986819DE2DFEC29F00C45CC1 /* PBXTargetDependency */,
			);
			fileSystemSynchronizedGroups = (
				986819DF2DFEC29F00C45CC1 /* ARVisit CreatorUITests */,
			);
			name = "ARVisit CreatorUITests";
			packageProductDependencies = (
			);
			productName = "MuseoAccessibile CreatorUITests";
			productReference = 986819DC2DFEC29F00C45CC1 /* ARVisit CreatorUITests.xctest */;
			productType = "com.apple.product-type.bundle.ui-testing";
		};
/* End PBXNativeTarget section */

/* Begin PBXProject section */
		986819BD2DFEC29D00C45CC1 /* Project object */ = {
			isa = PBXProject;
			attributes = {
				BuildIndependentTargetsInParallel = 1;
				LastSwiftUpdateCheck = 1630;
				LastUpgradeCheck = 1630;
				TargetAttributes = {
					986819C42DFEC29E00C45CC1 = {
						CreatedOnToolsVersion = 16.3;
					};
					986819D12DFEC29F00C45CC1 = {
						CreatedOnToolsVersion = 16.3;
						TestTargetID = 986819C42DFEC29E00C45CC1;
					};
					986819DB2DFEC29F00C45CC1 = {
						CreatedOnToolsVersion = 16.3;
						TestTargetID = 986819C42DFEC29E00C45CC1;
					};
				};
			};
			buildConfigurationList = 986819C02DFEC29D00C45CC1 /* Build configuration list for PBXProject "ARVisit Creator" */;
			developmentRegion = en;
			hasScannedForEncodings = 0;
			knownRegions = (
				en,
				Base,
			);
			mainGroup = 986819BC2DFEC29D00C45CC1;
			minimizedProjectReferenceProxies = 1;
			preferredProjectObjectVersion = 77;
			productRefGroup = 986819C62DFEC29E00C45CC1 /* Products */;
			projectDirPath = "";
			projectRoot = "";
			targets = (
				986819C42DFEC29E00C45CC1 /* ARVisit Creator */,
				986819D12DFEC29F00C45CC1 /* ARVisit CreatorTests */,
				986819DB2DFEC29F00C45CC1 /* ARVisit CreatorUITests */,
			);
		};
/* End PBXProject section */

/* Begin PBXResourcesBuildPhase section */
		986819C32DFEC29E00C45CC1 /* Resources */ = {
			isa = PBXResourcesBuildPhase;
			buildActionMask = 2147483647;
			files = (
			);
			runOnlyForDeploymentPostprocessing = 0;
		};
		986819D02DFEC29F00C45CC1 /* Resources */ = {
			isa = PBXResourcesBuildPhase;
			buildActionMask = 2147483647;
			files = (
			);
			runOnlyForDeploymentPostprocessing = 0;
		};
		986819DA2DFEC29F00C45CC1 /* Resources */ = {
			isa = PBXResourcesBuildPhase;
			buildActionMask = 2147483647;
			files = (
			);
			runOnlyForDeploymentPostprocessing = 0;
		};
/* End PBXResourcesBuildPhase section */

/* Begin PBXSourcesBuildPhase section */
		986819C12DFEC29E00C45CC1 /* Sources */ = {
			isa = PBXSourcesBuildPhase;
			buildActionMask = 2147483647;
			files = (
			);
			runOnlyForDeploymentPostprocessing = 0;
		};
		986819CE2DFEC29F00C45CC1 /* Sources */ = {
			isa = PBXSourcesBuildPhase;
			buildActionMask = 2147483647;
			files = (
			);
			runOnlyForDeploymentPostprocessing = 0;
		};
		986819D82DFEC29F00C45CC1 /* Sources */ = {
			isa = PBXSourcesBuildPhase;
			buildActionMask = 2147483647;
			files = (
			);
			runOnlyForDeploymentPostprocessing = 0;
		};
/* End PBXSourcesBuildPhase section */

/* Begin PBXTargetDependency section */
		986819D42DFEC29F00C45CC1 /* PBXTargetDependency */ = {
			isa = PBXTargetDependency;
			target = 986819C42DFEC29E00C45CC1 /* ARVisit Creator */;
			targetProxy = 986819D32DFEC29F00C45CC1 /* PBXContainerItemProxy */;
		};
		986819DE2DFEC29F00C45CC1 /* PBXTargetDependency */ = {
			isa = PBXTargetDependency;
			target = 986819C42DFEC29E00C45CC1 /* ARVisit Creator */;
			targetProxy = 986819DD2DFEC29F00C45CC1 /* PBXContainerItemProxy */;
		};
/* End PBXTargetDependency section */

/* Begin XCBuildConfiguration section */
		986819E42DFEC29F00C45CC1 /* Debug */ = {
			isa = XCBuildConfiguration;
			buildSettings = {
				ALWAYS_SEARCH_USER_PATHS = NO;
				ASSETCATALOG_COMPILER_GENERATE_SWIFT_ASSET_SYMBOL_EXTENSIONS = YES;
				CLANG_ANALYZER_NONNULL = YES;
				CLANG_ANALYZER_NUMBER_OBJECT_CONVERSION = YES_AGGRESSIVE;
				CLANG_CXX_LANGUAGE_STANDARD = "gnu++20";
				CLANG_ENABLE_MODULES = YES;
				CLANG_ENABLE_OBJC_ARC = YES;
				CLANG_ENABLE_OBJC_WEAK = YES;
				CLANG_WARN_BLOCK_CAPTURE_AUTORELEASING = YES;
				CLANG_WARN_BOOL_CONVERSION = YES;
				CLANG_WARN_COMMA = YES;
				CLANG_WARN_CONSTANT_CONVERSION = YES;
				CLANG_WARN_DEPRECATED_OBJC_IMPLEMENTATIONS = YES;
				CLANG_WARN_DIRECT_OBJC_ISA_USAGE = YES_ERROR;
				CLANG_WARN_DOCUMENTATION_COMMENTS = YES;
				CLANG_WARN_EMPTY_BODY = YES;
				CLANG_WARN_ENUM_CONVERSION = YES;
				CLANG_WARN_INFINITE_RECURSION = YES;
				CLANG_WARN_INT_CONVERSION = YES;
				CLANG_WARN_NON_LITERAL_NULL_CONVERSION = YES;
				CLANG_WARN_OBJC_IMPLICIT_RETAIN_SELF = YES;
				CLANG_WARN_OBJC_LITERAL_CONVERSION = YES;
				CLANG_WARN_OBJC_ROOT_CLASS = YES_ERROR;
				CLANG_WARN_QUOTED_INCLUDE_IN_FRAMEWORK_HEADER = YES;
				CLANG_WARN_RANGE_LOOP_ANALYSIS = YES;
				CLANG_WARN_STRICT_PROTOTYPES = YES;
				CLANG_WARN_SUSPICIOUS_MOVE = YES;
				CLANG_WARN_UNGUARDED_AVAILABILITY = YES_AGGRESSIVE;
				CLANG_WARN_UNREACHABLE_CODE = YES;
				CLANG_WARN__DUPLICATE_METHOD_MATCH = YES;
				COPY_PHASE_STRIP = NO;
				DEBUG_INFORMATION_FORMAT = dwarf;
				DEVELOPMENT_TEAM = 6X43W4B2C9;
				ENABLE_STRICT_OBJC_MSGSEND = YES;
				ENABLE_TESTABILITY = YES;
				ENABLE_USER_SCRIPT_SANDBOXING = YES;
				GCC_C_LANGUAGE_STANDARD = gnu17;
				GCC_DYNAMIC_NO_PIC = NO;
				GCC_NO_COMMON_BLOCKS = YES;
				GCC_OPTIMIZATION_LEVEL = 0;
				GCC_PREPROCESSOR_DEFINITIONS = (
					"DEBUG=1",
					"$(inherited)",
				);
				GCC_WARN_64_TO_32_BIT_CONVERSION = YES;
				GCC_WARN_ABOUT_RETURN_TYPE = YES_ERROR;
				GCC_WARN_UNDECLARED_SELECTOR = YES;
				GCC_WARN_UNINITIALIZED_AUTOS = YES_AGGRESSIVE;
				GCC_WARN_UNUSED_FUNCTION = YES;
				GCC_WARN_UNUSED_VARIABLE = YES;
				IPHONEOS_DEPLOYMENT_TARGET = 18.4;
				LOCALIZATION_PREFERS_STRING_CATALOGS = YES;
				MTL_ENABLE_DEBUG_INFO = INCLUDE_SOURCE;
				MTL_FAST_MATH = YES;
				ONLY_ACTIVE_ARCH = YES;
				SDKROOT = iphoneos;
				SWIFT_ACTIVE_COMPILATION_CONDITIONS = "DEBUG $(inherited)";
				SWIFT_OPTIMIZATION_LEVEL = "-Onone";
			};
			name = Debug;
		};
		986819E52DFEC29F00C45CC1 /* Release */ = {
			isa = XCBuildConfiguration;
			buildSettings = {
				ALWAYS_SEARCH_USER_PATHS = NO;
				ASSETCATALOG_COMPILER_GENERATE_SWIFT_ASSET_SYMBOL_EXTENSIONS = YES;
				CLANG_ANALYZER_NONNULL = YES;
				CLANG_ANALYZER_NUMBER_OBJECT_CONVERSION = YES_AGGRESSIVE;
				CLANG_CXX_LANGUAGE_STANDARD = "gnu++20";
				CLANG_ENABLE_MODULES = YES;
				CLANG_ENABLE_OBJC_ARC = YES;
				CLANG_ENABLE_OBJC_WEAK = YES;
				CLANG_WARN_BLOCK_CAPTURE_AUTORELEASING = YES;
				CLANG_WARN_BOOL_CONVERSION = YES;
				CLANG_WARN_COMMA = YES;
				CLANG_WARN_CONSTANT_CONVERSION = YES;
				CLANG_WARN_DEPRECATED_OBJC_IMPLEMENTATIONS = YES;
				CLANG_WARN_DIRECT_OBJC_ISA_USAGE = YES_ERROR;
				CLANG_WARN_DOCUMENTATION_COMMENTS = YES;
				CLANG_WARN_EMPTY_BODY = YES;
				CLANG_WARN_ENUM_CONVERSION = YES;
				CLANG_WARN_INFINITE_RECURSION = YES;
				CLANG_WARN_INT_CONVERSION = YES;
				CLANG_WARN_NON_LITERAL_NULL_CONVERSION = YES;
				CLANG_WARN_OBJC_IMPLICIT_RETAIN_SELF = YES;
				CLANG_WARN_OBJC_LITERAL_CONVERSION = YES;
				CLANG_WARN_OBJC_ROOT_CLASS = YES_ERROR;
				CLANG_WARN_QUOTED_INCLUDE_IN_FRAMEWORK_HEADER = YES;
				CLANG_WARN_RANGE_LOOP_ANALYSIS = YES;
				CLANG_WARN_STRICT_PROTOTYPES = YES;
				CLANG_WARN_SUSPICIOUS_MOVE = YES;
				CLANG_WARN_UNGUARDED_AVAILABILITY = YES_AGGRESSIVE;
				CLANG_WARN_UNREACHABLE_CODE = YES;
				CLANG_WARN__DUPLICATE_METHOD_MATCH = YES;
				COPY_PHASE_STRIP = NO;
				DEBUG_INFORMATION_FORMAT = "dwarf-with-dsym";
				DEVELOPMENT_TEAM = 6X43W4B2C9;
				ENABLE_NS_ASSERTIONS = NO;
				ENABLE_STRICT_OBJC_MSGSEND = YES;
				ENABLE_USER_SCRIPT_SANDBOXING = YES;
				GCC_C_LANGUAGE_STANDARD = gnu17;
				GCC_NO_COMMON_BLOCKS = YES;
				GCC_WARN_64_TO_32_BIT_CONVERSION = YES;
				GCC_WARN_ABOUT_RETURN_TYPE = YES_ERROR;
				GCC_WARN_UNDECLARED_SELECTOR = YES;
				GCC_WARN_UNINITIALIZED_AUTOS = YES_AGGRESSIVE;
				GCC_WARN_UNUSED_FUNCTION = YES;
				GCC_WARN_UNUSED_VARIABLE = YES;
				IPHONEOS_DEPLOYMENT_TARGET = 18.4;
				LOCALIZATION_PREFERS_STRING_CATALOGS = YES;
				MTL_ENABLE_DEBUG_INFO = NO;
				MTL_FAST_MATH = YES;
				SDKROOT = iphoneos;
				SWIFT_COMPILATION_MODE = wholemodule;
				VALIDATE_PRODUCT = YES;
			};
			name = Release;
		};
		986819E72DFEC29F00C45CC1 /* Debug */ = {
			isa = XCBuildConfiguration;
			buildSettings = {
				ASSETCATALOG_COMPILER_APPICON_NAME = AppIcon;
				ASSETCATALOG_COMPILER_GLOBAL_ACCENT_COLOR_NAME = AccentColor;
				CODE_SIGN_ENTITLEMENTS = "ARVisit Creator/ARVisit Creator.entitlements";
				CODE_SIGN_STYLE = Automatic;
				CURRENT_PROJECT_VERSION = 1;
				DEVELOPMENT_TEAM = 6X43W4B2C9;
				ENABLE_PREVIEWS = YES;
				GENERATE_INFOPLIST_FILE = YES;
				INFOPLIST_KEY_NSCameraUsageDescription = "";
				INFOPLIST_KEY_UIApplicationSupportsIndirectInputEvents = YES;
				INFOPLIST_KEY_UILaunchScreen_Generation = YES;
				INFOPLIST_KEY_UIRequiredDeviceCapabilities = arkit;
				INFOPLIST_KEY_UIStatusBarHidden = YES;
				INFOPLIST_KEY_UISupportedInterfaceOrientations_iPad = "UIInterfaceOrientationPortrait UIInterfaceOrientationPortraitUpsideDown UIInterfaceOrientationLandscapeLeft UIInterfaceOrientationLandscapeRight";
				INFOPLIST_KEY_UISupportedInterfaceOrientations_iPhone = "UIInterfaceOrientationPortrait UIInterfaceOrientationLandscapeLeft UIInterfaceOrientationLandscapeRight";
				LD_RUNPATH_SEARCH_PATHS = (
					"$(inherited)",
					"@executable_path/Frameworks",
				);
				MARKETING_VERSION = 1.0;
				PRODUCT_BUNDLE_IDENTIFIER = "davide.ARVisit-Creator";
				PRODUCT_NAME = "$(TARGET_NAME)";
				SWIFT_EMIT_LOC_STRINGS = YES;
				SWIFT_VERSION = 5.0;
				TARGETED_DEVICE_FAMILY = "1,2";
			};
			name = Debug;
		};
		986819E82DFEC29F00C45CC1 /* Release */ = {
			isa = XCBuildConfiguration;
			buildSettings = {
				ASSETCATALOG_COMPILER_APPICON_NAME = AppIcon;
				ASSETCATALOG_COMPILER_GLOBAL_ACCENT_COLOR_NAME = AccentColor;
				CODE_SIGN_ENTITLEMENTS = "ARVisit Creator/ARVisit Creator.entitlements";
				CODE_SIGN_STYLE = Automatic;
				CURRENT_PROJECT_VERSION = 1;
				DEVELOPMENT_TEAM = 6X43W4B2C9;
				ENABLE_PREVIEWS = YES;
				GENERATE_INFOPLIST_FILE = YES;
				INFOPLIST_KEY_NSCameraUsageDescription = "";
				INFOPLIST_KEY_UIApplicationSupportsIndirectInputEvents = YES;
				INFOPLIST_KEY_UILaunchScreen_Generation = YES;
				INFOPLIST_KEY_UIRequiredDeviceCapabilities = arkit;
				INFOPLIST_KEY_UIStatusBarHidden = YES;
				INFOPLIST_KEY_UISupportedInterfaceOrientations_iPad = "UIInterfaceOrientationPortrait UIInterfaceOrientationPortraitUpsideDown UIInterfaceOrientationLandscapeLeft UIInterfaceOrientationLandscapeRight";
				INFOPLIST_KEY_UISupportedInterfaceOrientations_iPhone = "UIInterfaceOrientationPortrait UIInterfaceOrientationLandscapeLeft UIInterfaceOrientationLandscapeRight";
				LD_RUNPATH_SEARCH_PATHS = (
					"$(inherited)",
					"@executable_path/Frameworks",
				);
				MARKETING_VERSION = 1.0;
				PRODUCT_BUNDLE_IDENTIFIER = "davide.ARVisit-Creator";
				PRODUCT_NAME = "$(TARGET_NAME)";
				SWIFT_EMIT_LOC_STRINGS = YES;
				SWIFT_VERSION = 5.0;
				TARGETED_DEVICE_FAMILY = "1,2";
			};
			name = Release;
		};
		986819EA2DFEC29F00C45CC1 /* Debug */ = {
			isa = XCBuildConfiguration;
			buildSettings = {
				BUNDLE_LOADER = "$(TEST_HOST)";
				CODE_SIGN_STYLE = Automatic;
				CURRENT_PROJECT_VERSION = 1;
				DEVELOPMENT_TEAM = 6X43W4B2C9;
				GENERATE_INFOPLIST_FILE = YES;
				IPHONEOS_DEPLOYMENT_TARGET = 18.4;
				MARKETING_VERSION = 1.0;
				PRODUCT_BUNDLE_IDENTIFIER = "davide.MuseoAccessibile-CreatorTests";
				PRODUCT_NAME = "$(TARGET_NAME)";
				SWIFT_EMIT_LOC_STRINGS = NO;
				SWIFT_VERSION = 5.0;
				TARGETED_DEVICE_FAMILY = "1,2";
				TEST_HOST = "$(BUILT_PRODUCTS_DIR)/ARVisit Creator.app/$(BUNDLE_EXECUTABLE_FOLDER_PATH)/ARVisit Creator";
			};
			name = Debug;
		};
		986819EB2DFEC29F00C45CC1 /* Release */ = {
			isa = XCBuildConfiguration;
			buildSettings = {
				BUNDLE_LOADER = "$(TEST_HOST)";
				CODE_SIGN_STYLE = Automatic;
				CURRENT_PROJECT_VERSION = 1;
				DEVELOPMENT_TEAM = 6X43W4B2C9;
				GENERATE_INFOPLIST_FILE = YES;
				IPHONEOS_DEPLOYMENT_TARGET = 18.4;
				MARKETING_VERSION = 1.0;
				PRODUCT_BUNDLE_IDENTIFIER = "davide.MuseoAccessibile-CreatorTests";
				PRODUCT_NAME = "$(TARGET_NAME)";
				SWIFT_EMIT_LOC_STRINGS = NO;
				SWIFT_VERSION = 5.0;
				TARGETED_DEVICE_FAMILY = "1,2";
				TEST_HOST = "$(BUILT_PRODUCTS_DIR)/ARVisit Creator.app/$(BUNDLE_EXECUTABLE_FOLDER_PATH)/ARVisit Creator";
			};
			name = Release;
		};
		986819ED2DFEC29F00C45CC1 /* Debug */ = {
			isa = XCBuildConfiguration;
			buildSettings = {
				CODE_SIGN_STYLE = Automatic;
				CURRENT_PROJECT_VERSION = 1;
				DEVELOPMENT_TEAM = 6X43W4B2C9;
				GENERATE_INFOPLIST_FILE = YES;
				MARKETING_VERSION = 1.0;
				PRODUCT_BUNDLE_IDENTIFIER = "davide.MuseoAccessibile-CreatorUITests";
				PRODUCT_NAME = "$(TARGET_NAME)";
				SWIFT_EMIT_LOC_STRINGS = NO;
				SWIFT_VERSION = 5.0;
				TARGETED_DEVICE_FAMILY = "1,2";
				TEST_TARGET_NAME = "MuseoAccessibile Creator";
			};
			name = Debug;
		};
		986819EE2DFEC29F00C45CC1 /* Release */ = {
			isa = XCBuildConfiguration;
			buildSettings = {
				CODE_SIGN_STYLE = Automatic;
				CURRENT_PROJECT_VERSION = 1;
				DEVELOPMENT_TEAM = 6X43W4B2C9;
				GENERATE_INFOPLIST_FILE = YES;
				MARKETING_VERSION = 1.0;
				PRODUCT_BUNDLE_IDENTIFIER = "davide.MuseoAccessibile-CreatorUITests";
				PRODUCT_NAME = "$(TARGET_NAME)";
				SWIFT_EMIT_LOC_STRINGS = NO;
				SWIFT_VERSION = 5.0;
				TARGETED_DEVICE_FAMILY = "1,2";
				TEST_TARGET_NAME = "MuseoAccessibile Creator";
			};
			name = Release;
		};
/* End XCBuildConfiguration section */

/* Begin XCConfigurationList section */
		986819C02DFEC29D00C45CC1 /* Build configuration list for PBXProject "ARVisit Creator" */ = {
			isa = XCConfigurationList;
			buildConfigurations = (
				986819E42DFEC29F00C45CC1 /* Debug */,
				986819E52DFEC29F00C45CC1 /* Release */,
			);
			defaultConfigurationIsVisible = 0;
			defaultConfigurationName = Release;
		};
		986819E62DFEC29F00C45CC1 /* Build configuration list for PBXNativeTarget "ARVisit Creator" */ = {
			isa = XCConfigurationList;
			buildConfigurations = (
				986819E72DFEC29F00C45CC1 /* Debug */,
				986819E82DFEC29F00C45CC1 /* Release */,
			);
			defaultConfigurationIsVisible = 0;
			defaultConfigurationName = Release;
		};
		986819E92DFEC29F00C45CC1 /* Build configuration list for PBXNativeTarget "ARVisit CreatorTests" */ = {
			isa = XCConfigurationList;
			buildConfigurations = (
				986819EA2DFEC29F00C45CC1 /* Debug */,
				986819EB2DFEC29F00C45CC1 /* Release */,
			);
			defaultConfigurationIsVisible = 0;
			defaultConfigurationName = Release;
		};
		986819EC2DFEC29F00C45CC1 /* Build configuration list for PBXNativeTarget "ARVisit CreatorUITests" */ = {
			isa = XCConfigurationList;
			buildConfigurations = (
				986819ED2DFEC29F00C45CC1 /* Debug */,
				986819EE2DFEC29F00C45CC1 /* Release */,
			);
			defaultConfigurationIsVisible = 0;
			defaultConfigurationName = Release;
		};
/* End XCConfigurationList section */
	};
	rootObject = 986819BD2DFEC29D00C45CC1 /* Project object */;
}
